FORGE
  remote: https://forgeapi.puppetlabs.com
  specs:
    computology-packagecloud (0.3.1)
      puppetlabs-stdlib (>= 0)
    puppetlabs-stdlib (4.12.0)

PATH
  remote: instrumentald
  specs:
    expectedbehavior-instrumentald (0.0.4)
      computology-packagecloud (>= 0.2.10)

DEPENDENCIES
  computology-packagecloud (>= 0)
  expectedbehavior-instrumentald (>= 0)

